# This file is automatically @generated by Cargo.
# It is not intended for manual editing.
version = 3

[[package]]
name = "libspu-sys"
version = "0.1.0"
dependencies = [
 "cxx",
]

[[package]]
name = "cxx"
version = "1.0.107"
source = "registry+https://github.com/rust-lang/crates.io-index"
checksum = "50a2542149539356174157317c242e276b92a2a096350742a03b30a570535c5c"

[[package]]
name = "cxx-build"
version = "1.0.107"
source = "registry+https://github.com/rust-lang/crates.io-index"
checksum = "13f5c94d93822a8449c25608b82f0c7414995737d9760773663b88b83ac127c5"
dependencies = [
 "cc",
 "once_cell",
]

[[package]]
name = "cc"
version = "1.0.83"
source = "registry+https://github.com/rust-lang/crates.io-index"
checksum = "f096c56a81a6f23348633cc4a13f738804a87383186175653c7f42c1633534d2"

[[package]]
name = "once_cell"
version = "1.18.0"
source = "registry+https://github.com/rust-lang/crates.io-index"
checksum = "8383e5885239a57550f5859858548972f7823c6f2a67714856f6c91e0a29958a"
